{"is_source_file": true, "file_id": 23, "git_revision": "f405eef13ad452f7ea40459bd4e205751b7685f8", "state": 1, "description": "", "external_files": [], "external_methods": [], "published": [], "classes": [], "methods": [], "calls": [], "search-terms": [], "filename": "/home/kavia/workspace/code-generation/stockexplorer-16106-9f655f49/stock_explorer/post_process_status.lock", "hash": "e9b4c3b42cef0193b7fddb548d37e652", "format-version": 4, "code-base-name": "default", "knowledge_revision": 52}